
Microsoft Visual Studio Solution File, Format Version 12.00
# Visual Studio Version 17
VisualStudioVersion = 17.2.32630.192
MinimumVisualStudioVersion = 10.0.40219.1
Project("{FAE04EC0-301F-11D3-BF4B-00C04F79EFBC}") = "23-12-2022_Forum_WPF", "23-12-2022_Forum_WPF\23-12-2022_Forum_WPF.csproj", "{05618AEE-036A-4118-8899-821551356506}"
EndProject
Global
	GlobalSection(SolutionConfigurationPlatforms) = preSolution
		Debug|Any CPU = Debug|Any CPU
		Release|Any CPU = Release|Any CPU
	EndGlobalSection
	GlobalSection(ProjectConfigurationPlatforms) = postSolution
		{05618AEE-036A-4118-8899-821551356506}.Debug|Any CPU.ActiveCfg = Debug|Any CPU
		{05618AEE-036A-4118-8899-821551356506}.Debug|Any CPU.Build.0 = Debug|Any CPU
		{05618AEE-036A-4118-8899-821551356506}.Release|Any CPU.ActiveCfg = Release|Any CPU
		{05618AEE-036A-4118-8899-821551356506}.Release|Any CPU.Build.0 = Release|Any CPU
	EndGlobalSection
	GlobalSection(SolutionProperties) = preSolution
		HideSolutionNode = FALSE
	EndGlobalSection
	GlobalSection(ExtensibilityGlobals) = postSolution
		SolutionGuid = {7BD9FC36-6848-47D3-9592-7F39B8A0DB9A}
	EndGlobalSection
EndGlobal
